<?xml version="1.0" encoding="utf-8"?>
<Project ToolsVersion="4.0" xmlns="http://schemas.microsoft.com/developer/msbuild/2003">
  <ItemGroup>
    <Filter Include="소스 파일">
      <UniqueIdentifier>{4FC737F1-C7A5-4376-A066-2A32D752A2FF}</UniqueIdentifier>
      <Extensions>cpp;c;cc;cxx;c++;cppm;ixx;def;odl;idl;hpj;bat;asm;asmx</Extensions>
    </Filter>
    <Filter Include="헤더 파일">
      <UniqueIdentifier>{93995380-89BD-4b04-88EB-625FBE52EBFB}</UniqueIdentifier>
      <Extensions>h;hh;hpp;hxx;h++;hm;inl;inc;ipp;xsd</Extensions>
    </Filter>
    <Filter Include="리소스 파일">
      <UniqueIdentifier>{67DA6AB6-F800-4c08-8B7A-83BB121AAD01}</UniqueIdentifier>
      <Extensions>rc;ico;cur;bmp;dlg;rc2;rct;bin;rgs;gif;jpg;jpeg;jpe;resx;tiff;tif;png;wav;mfcribbon-ms</Extensions>
    </Filter>
  </ItemGroup>
  <ItemGroup>
    <ClCompile Include="bj_10699.cpp">
      <Filter>소스 파일</Filter>
    </ClCompile>
    <ClCompile Include="bj_7287.cpp">
      <Filter>소스 파일</Filter>
    </ClCompile>
    <ClCompile Include="bj_2845.cpp">
      <Filter>소스 파일</Filter>
    </ClCompile>
    <ClCompile Include="bj_2442.cpp">
      <Filter>소스 파일</Filter>
    </ClCompile>
    <ClCompile Include="bj_4153.cpp">
      <Filter>소스 파일</Filter>
    </ClCompile>
    <ClCompile Include="bj_1000.cpp">
      <Filter>소스 파일</Filter>
    </ClCompile>
    <ClCompile Include="bj_30802.cpp">
      <Filter>소스 파일</Filter>
    </ClCompile>
    <ClCompile Include="bj_2231.cpp">
      <Filter>소스 파일</Filter>
    </ClCompile>
    <ClCompile Include="bj_2751.cpp">
      <Filter>소스 파일</Filter>
    </ClCompile>
    <ClCompile Include="bj_2839.cpp">
      <Filter>소스 파일</Filter>
    </ClCompile>
    <ClCompile Include="bj_11650.cpp">
      <Filter>소스 파일</Filter>
    </ClCompile>
    <ClCompile Include="bj_1018.cpp">
      <Filter>소스 파일</Filter>
    </ClCompile>
    <ClCompile Include="bj_1920.cpp">
      <Filter>소스 파일</Filter>
    </ClCompile>
    <ClCompile Include="bj_9012.cpp">
      <Filter>소스 파일</Filter>
    </ClCompile>
    <ClCompile Include="s4_2164.cpp">
      <Filter>소스 파일</Filter>
    </ClCompile>
    <ClCompile Include="s4_10816.cpp">
      <Filter>소스 파일</Filter>
    </ClCompile>
    <ClCompile Include="s4_10845.cpp">
      <Filter>소스 파일</Filter>
    </ClCompile>
    <ClCompile Include="s4_10828.cpp">
      <Filter>소스 파일</Filter>
    </ClCompile>
    <ClCompile Include="s4_4949.cpp">
      <Filter>소스 파일</Filter>
    </ClCompile>
    <ClCompile Include="s4_10773.cpp">
      <Filter>소스 파일</Filter>
    </ClCompile>
    <ClCompile Include="s4_18110.cpp">
      <Filter>소스 파일</Filter>
    </ClCompile>
    <ClCompile Include="s3_1929.cpp">
      <Filter>소스 파일</Filter>
    </ClCompile>
    <ClCompile Include="s3_1966.cpp">
      <Filter>소스 파일</Filter>
    </ClCompile>
    <ClCompile Include="s3_2108.cpp">
      <Filter>소스 파일</Filter>
    </ClCompile>
    <ClCompile Include="s2_1654.cpp">
      <Filter>소스 파일</Filter>
    </ClCompile>
    <ClCompile Include="s3_1463.cpp">
      <Filter>소스 파일</Filter>
    </ClCompile>
    <ClCompile Include="s3_2579.cpp">
      <Filter>소스 파일</Filter>
    </ClCompile>
    <ClCompile Include="s4_17266.cpp">
      <Filter>소스 파일</Filter>
    </ClCompile>
    <ClCompile Include="s4_20551.cpp">
      <Filter>소스 파일</Filter>
    </ClCompile>
    <ClCompile Include="s3_1072.cpp">
      <Filter>소스 파일</Filter>
    </ClCompile>
    <ClCompile Include="s3_7795.cpp">
      <Filter>소스 파일</Filter>
    </ClCompile>
    <ClCompile Include="s2_1874.cpp">
      <Filter>소스 파일</Filter>
    </ClCompile>
    <ClCompile Include="s4_1764.cpp">
      <Filter>소스 파일</Filter>
    </ClCompile>
    <ClCompile Include="s4_11399.cpp">
      <Filter>소스 파일</Filter>
    </ClCompile>
    <ClCompile Include="s3_9095.cpp">
      <Filter>소스 파일</Filter>
    </ClCompile>
    <ClCompile Include="g3_10986.cpp">
      <Filter>소스 파일</Filter>
    </ClCompile>
    <ClCompile Include="s5_11723.cpp">
      <Filter>소스 파일</Filter>
    </ClCompile>
    <ClCompile Include="s4_11047.cpp">
      <Filter>소스 파일</Filter>
    </ClCompile>
    <ClCompile Include="s4_2217.cpp">
      <Filter>소스 파일</Filter>
    </ClCompile>
    <ClCompile Include="s3_13305.cpp">
      <Filter>소스 파일</Filter>
    </ClCompile>
    <ClCompile Include="s3_11659.cpp">
      <Filter>소스 파일</Filter>
    </ClCompile>
    <ClCompile Include="s3_9461.cpp">
      <Filter>소스 파일</Filter>
    </ClCompile>
    <ClCompile Include="s3_11726.cpp">
      <Filter>소스 파일</Filter>
    </ClCompile>
    <ClCompile Include="s3_11727.cpp">
      <Filter>소스 파일</Filter>
    </ClCompile>
    <ClCompile Include="s2_1927.cpp">
      <Filter>소스 파일</Filter>
    </ClCompile>
    <ClCompile Include="s2_11279.cpp">
      <Filter>소스 파일</Filter>
    </ClCompile>
    <ClCompile Include="s2_2805.cpp">
      <Filter>소스 파일</Filter>
    </ClCompile>
    <ClCompile Include="s1_11286.cpp">
      <Filter>소스 파일</Filter>
    </ClCompile>
    <ClCompile Include="s4_11866.cpp">
      <Filter>소스 파일</Filter>
    </ClCompile>
    <ClCompile Include="s2_24479.cpp">
      <Filter>소스 파일</Filter>
    </ClCompile>
    <ClCompile Include="s2_24480.cpp">
      <Filter>소스 파일</Filter>
    </ClCompile>
    <ClCompile Include="s2_24481.cpp">
      <Filter>소스 파일</Filter>
    </ClCompile>
    <ClCompile Include="s2_24482.cpp">
      <Filter>소스 파일</Filter>
    </ClCompile>
    <ClCompile Include="미제출s2_18870.cpp">
      <Filter>소스 파일</Filter>
    </ClCompile>
    <ClCompile Include="s2_24483.cpp">
      <Filter>소스 파일</Filter>
    </ClCompile>
    <ClCompile Include="s3_1003.cpp">
      <Filter>소스 파일</Filter>
    </ClCompile>
    <ClCompile Include="미제출s2_24444.cpp">
      <Filter>소스 파일</Filter>
    </ClCompile>
    <ClCompile Include="s5_10814.cpp">
      <Filter>소스 파일</Filter>
    </ClCompile>
    <ClCompile Include="s5_1181.cpp">
      <Filter>소스 파일</Filter>
    </ClCompile>
    <ClCompile Include="s5_1676.cpp">
      <Filter>소스 파일</Filter>
    </ClCompile>
    <ClCompile Include="s5_11651.cpp">
      <Filter>소스 파일</Filter>
    </ClCompile>
    <ClCompile Include="s5_1436.cpp">
      <Filter>소스 파일</Filter>
    </ClCompile>
    <ClCompile Include="s5_7568.cpp">
      <Filter>소스 파일</Filter>
    </ClCompile>
    <ClCompile Include="b1_11050.cpp">
      <Filter>소스 파일</Filter>
    </ClCompile>
    <ClCompile Include="b1_10989.cpp">
      <Filter>소스 파일</Filter>
    </ClCompile>
    <ClCompile Include="b1_2609.cpp">
      <Filter>소스 파일</Filter>
    </ClCompile>
    <ClCompile Include="b1_2869.cpp">
      <Filter>소스 파일</Filter>
    </ClCompile>
    <ClCompile Include="b2_2292.cpp">
      <Filter>소스 파일</Filter>
    </ClCompile>
    <ClCompile Include="b1_1546.cpp">
      <Filter>소스 파일</Filter>
    </ClCompile>
    <ClCompile Include="b1_1259.cpp">
      <Filter>소스 파일</Filter>
    </ClCompile>
    <ClCompile Include="b2_1978.cpp">
      <Filter>소스 파일</Filter>
    </ClCompile>
    <ClCompile Include="미제출b1_28702.cpp">
      <Filter>소스 파일</Filter>
    </ClCompile>
    <ClCompile Include="b2_2675.cpp">
      <Filter>소스 파일</Filter>
    </ClCompile>
    <ClCompile Include="b2_1152.cpp">
      <Filter>소스 파일</Filter>
    </ClCompile>
    <ClCompile Include="b2_3052.cpp">
      <Filter>소스 파일</Filter>
    </ClCompile>
    <ClCompile Include="b2_2577.cpp">
      <Filter>소스 파일</Filter>
    </ClCompile>
    <ClCompile Include="b2_10809.cpp">
      <Filter>소스 파일</Filter>
    </ClCompile>
    <ClCompile Include="b2_10818.cpp">
      <Filter>소스 파일</Filter>
    </ClCompile>
    <ClCompile Include="b2_2920.cpp">
      <Filter>소스 파일</Filter>
    </ClCompile>
    <ClCompile Include="b4_11720.cpp">
      <Filter>소스 파일</Filter>
    </ClCompile>
    <ClCompile Include="b3_2562.cpp">
      <Filter>소스 파일</Filter>
    </ClCompile>
    <ClCompile Include="b3_2884.cpp">
      <Filter>소스 파일</Filter>
    </ClCompile>
    <ClCompile Include="b4_2439.cpp">
      <Filter>소스 파일</Filter>
    </ClCompile>
    <ClCompile Include="b4_31403.cpp">
      <Filter>소스 파일</Filter>
    </ClCompile>
    <ClCompile Include="b2_8958.cpp">
      <Filter>소스 파일</Filter>
    </ClCompile>
    <ClCompile Include="b3_10250.cpp">
      <Filter>소스 파일</Filter>
    </ClCompile>
    <ClCompile Include="s4_1590.cpp">
      <Filter>소스 파일</Filter>
    </ClCompile>
  </ItemGroup>
</Project>